
Microsoft Visual Studio Solution File, Format Version 12.00
# Visual Studio Version 17
VisualStudioVersion = 17.8.34309.116
MinimumVisualStudioVersion = 10.0.40219.1
Project("{FAE04EC0-301F-11D3-BF4B-00C04F79EFBC}") = "ConsoleApp15", "ConsoleApp15\ConsoleApp15.csproj", "{295DAAED-7CF1-4FDE-834B-BFBD7D43BBF3}"
EndProject
Global
	GlobalSection(SolutionConfigurationPlatforms) = preSolution
		Debug|Any CPU = Debug|Any CPU
		Release|Any CPU = Release|Any CPU
	EndGlobalSection
	GlobalSection(ProjectConfigurationPlatforms) = postSolution
		{295DAAED-7CF1-4FDE-834B-BFBD7D43BBF3}.Debug|Any CPU.ActiveCfg = Debug|Any CPU
		{295DAAED-7CF1-4FDE-834B-BFBD7D43BBF3}.Debug|Any CPU.Build.0 = Debug|Any CPU
		{295DAAED-7CF1-4FDE-834B-BFBD7D43BBF3}.Release|Any CPU.ActiveCfg = Release|Any CPU
		{295DAAED-7CF1-4FDE-834B-BFBD7D43BBF3}.Release|Any CPU.Build.0 = Release|Any CPU
	EndGlobalSection
	GlobalSection(SolutionProperties) = preSolution
		HideSolutionNode = FALSE
	EndGlobalSection
	GlobalSection(ExtensibilityGlobals) = postSolution
		SolutionGuid = {8A0BEC6C-A0B0-4186-8233-8C55EEF4776B}
	EndGlobalSection
EndGlobal
